
Microsoft Visual Studio Solution File, Format Version 12.00
# Visual Studio Version 17
VisualStudioVersion = 17.14.36121.58
MinimumVisualStudioVersion = 10.0.40219.1
Project("{FAE04EC0-301F-11D3-BF4B-00C04F79EFBC}") = "Valeri-Panev-employees.Backend", "Valeri-Panev-employees.Backend.csproj", "{93B5D268-831C-4A2E-967D-DD84B9EC9638}"
EndProject
Project("{FAE04EC0-301F-11D3-BF4B-00C04F79EFBC}") = "Valeri-Panev-employees.UnitTests", "..\Valeri-Panev-employees.UnitTests\Valeri-Panev-employees.UnitTests.csproj", "{E669731A-EF1F-4E4D-A2C3-924E528055B2}"
EndProject
Global
	GlobalSection(SolutionConfigurationPlatforms) = preSolution
		Debug|Any CPU = Debug|Any CPU
		Release|Any CPU = Release|Any CPU
	EndGlobalSection
	GlobalSection(ProjectConfigurationPlatforms) = postSolution
		{93B5D268-831C-4A2E-967D-DD84B9EC9638}.Debug|Any CPU.ActiveCfg = Debug|Any CPU
		{93B5D268-831C-4A2E-967D-DD84B9EC9638}.Debug|Any CPU.Build.0 = Debug|Any CPU
		{93B5D268-831C-4A2E-967D-DD84B9EC9638}.Release|Any CPU.ActiveCfg = Release|Any CPU
		{93B5D268-831C-4A2E-967D-DD84B9EC9638}.Release|Any CPU.Build.0 = Release|Any CPU
		{E669731A-EF1F-4E4D-A2C3-924E528055B2}.Debug|Any CPU.ActiveCfg = Debug|Any CPU
		{E669731A-EF1F-4E4D-A2C3-924E528055B2}.Debug|Any CPU.Build.0 = Debug|Any CPU
		{E669731A-EF1F-4E4D-A2C3-924E528055B2}.Release|Any CPU.ActiveCfg = Release|Any CPU
		{E669731A-EF1F-4E4D-A2C3-924E528055B2}.Release|Any CPU.Build.0 = Release|Any CPU
	EndGlobalSection
	GlobalSection(SolutionProperties) = preSolution
		HideSolutionNode = FALSE
	EndGlobalSection
	GlobalSection(ExtensibilityGlobals) = postSolution
		SolutionGuid = {2E11BEED-528E-4138-8672-10CDFECE689F}
	EndGlobalSection
EndGlobal
